
Microsoft Visual Studio Solution File, Format Version 12.00
# Visual Studio Version 17
VisualStudioVersion = 17.6.33801.468
MinimumVisualStudioVersion = 10.0.40219.1
Project("{FAE04EC0-301F-11D3-BF4B-00C04F79EFBC}") = "sell_movie", "sell_movie\sell_movie.csproj", "{B5307C83-C748-4849-898C-203A20FA7029}"
EndProject
Global
	GlobalSection(SolutionConfigurationPlatforms) = preSolution
		Debug|Any CPU = Debug|Any CPU
		Release|Any CPU = Release|Any CPU
	EndGlobalSection
	GlobalSection(ProjectConfigurationPlatforms) = postSolution
		{B5307C83-C748-4849-898C-203A20FA7029}.Debug|Any CPU.ActiveCfg = Debug|Any CPU
		{B5307C83-C748-4849-898C-203A20FA7029}.Debug|Any CPU.Build.0 = Debug|Any CPU
		{B5307C83-C748-4849-898C-203A20FA7029}.Release|Any CPU.ActiveCfg = Release|Any CPU
		{B5307C83-C748-4849-898C-203A20FA7029}.Release|Any CPU.Build.0 = Release|Any CPU
	EndGlobalSection
	GlobalSection(SolutionProperties) = preSolution
		HideSolutionNode = FALSE
	EndGlobalSection
	GlobalSection(ExtensibilityGlobals) = postSolution
		SolutionGuid = {E97255B5-B9CD-4240-AF18-A8E10B075A94}
	EndGlobalSection
EndGlobal
